
Microsoft Visual Studio Solution File, Format Version 12.00
# Visual Studio 15
VisualStudioVersion = 15.0.28307.421
MinimumVisualStudioVersion = 10.0.40219.1
Project("{FAE04EC0-301F-11D3-BF4B-00C04F79EFBC}") = "ProductosCRUD", "ProductosCRUD\ProductosCRUD.csproj", "{CC1B494B-B32A-4DF1-8C60-7C2A6760964D}"
EndProject
Global
	GlobalSection(SolutionConfigurationPlatforms) = preSolution
		Debug|Any CPU = Debug|Any CPU
		Release|Any CPU = Release|Any CPU
	EndGlobalSection
	GlobalSection(ProjectConfigurationPlatforms) = postSolution
		{CC1B494B-B32A-4DF1-8C60-7C2A6760964D}.Debug|Any CPU.ActiveCfg = Debug|Any CPU
		{CC1B494B-B32A-4DF1-8C60-7C2A6760964D}.Debug|Any CPU.Build.0 = Debug|Any CPU
		{CC1B494B-B32A-4DF1-8C60-7C2A6760964D}.Release|Any CPU.ActiveCfg = Release|Any CPU
		{CC1B494B-B32A-4DF1-8C60-7C2A6760964D}.Release|Any CPU.Build.0 = Release|Any CPU
	EndGlobalSection
	GlobalSection(SolutionProperties) = preSolution
		HideSolutionNode = FALSE
	EndGlobalSection
	GlobalSection(ExtensibilityGlobals) = postSolution
		SolutionGuid = {FB1E4E4D-75D5-4E9C-B0BC-EC75C06C7A2C}
	EndGlobalSection
EndGlobal
